
Microsoft Visual Studio Solution File, Format Version 12.00
# Visual Studio Version 17
VisualStudioVersion = 17.14.36705.20
MinimumVisualStudioVersion = 10.0.40219.1
Project("{FAE04EC0-301F-11D3-BF4B-00C04F79EFBC}") = "ApiTester.McpServer", "ApiTester.McpServer\ApiTester.McpServer.csproj", "{56B1F160-5418-4B85-821B-1DA9C5209370}"
EndProject
Project("{FAE04EC0-301F-11D3-BF4B-00C04F79EFBC}") = "ApiTester.AI", "ApiTester.AI\ApiTester.AI.csproj", "{4DF70AA8-C0C9-4718-A973-C423BEF8E2BF}"
EndProject
Project("{2150E333-8FDC-42A3-9474-1A3956D46DE8}") = "Solution Items", "Solution Items", "{8EC462FD-D22E-90A8-E5CE-7E832BA40C5D}"
	ProjectSection(SolutionItems) = preProject
		.gitignore = .gitignore
	EndProjectSection
EndProject
Project("{FAE04EC0-301F-11D3-BF4B-00C04F79EFBC}") = "ApiTester.McpClient", "ApiTester.McpClient\ApiTester.McpClient.csproj", "{D9D844FE-C4A5-4B27-AF9C-7DDF3A1F13ED}"
EndProject
Project("{FAE04EC0-301F-11D3-BF4B-00C04F79EFBC}") = "ApiTester.SmokeApi", "ApiTester.SmokeApi\ApiTester.SmokeApi.csproj", "{92EAD82E-BE62-4EB8-BA24-7A3FD8FB8CC8}"
EndProject
Project("{FAE04EC0-301F-11D3-BF4B-00C04F79EFBC}") = "ApiTester.Web", "ApiTester.Web\ApiTester.Web.csproj", "{DDFB7F38-B2DE-4D8E-A920-6A7D3D5C5431}"
EndProject
Project("{FAE04EC0-301F-11D3-BF4B-00C04F79EFBC}") = "ApiTester.Web.UnitTests", "ApiTester.Web.UnitTests\ApiTester.Web.UnitTests.csproj", "{BFF131F9-DE3C-44C7-8903-18E651A9FEB8}"
EndProject
Project("{FAE04EC0-301F-11D3-BF4B-00C04F79EFBC}") = "ApiTester.Web.IntegrationTests", "ApiTester.Web.IntegrationTests\ApiTester.Web.IntegrationTests.csproj", "{93885EE6-E280-41F4-91D3-F1CAD370E927}"
EndProject
Project("{FAE04EC0-301F-11D3-BF4B-00C04F79EFBC}") = "ApiTester.Ui", "ApiTester.Ui\ApiTester.Ui.csproj", "{AF3D86DD-2F1C-4648-90C1-0CDBF256BF0D}"
EndProject
Project("{FAE04EC0-301F-11D3-BF4B-00C04F79EFBC}") = "ApiTester.Ui.Tests", "ApiTester.Ui.Tests\ApiTester.Ui.Tests.csproj", "{DD114790-0B8A-4DF5-9994-BB9AE84A71C5}"
EndProject
Project("{FAE04EC0-301F-11D3-BF4B-00C04F79EFBC}") = "ApiTester.Site", "ApiTester.Site\ApiTester.Site.csproj", "{B5C986F3-14DE-426F-9A28-ED786F2F3B62}"
EndProject
Project("{FAE04EC0-301F-11D3-BF4B-00C04F79EFBC}") = "ApiTester.Site.Tests", "ApiTester.Site.Tests\ApiTester.Site.Tests.csproj", "{FA5DE649-0358-432A-94D9-E336ACFC8AEF}"
EndProject
Project("{FAE04EC0-301F-11D3-BF4B-00C04F79EFBC}") = "ApiTester.Rag", "ApiTester.Rag\ApiTester.Rag.csproj", "{D673511B-C07B-4D62-98B3-3FCF65D25D52}"
EndProject
Project("{FAE04EC0-301F-11D3-BF4B-00C04F79EFBC}") = "ApiTester.Rag.Tests", "ApiTester.Rag.Tests\ApiTester.Rag.Tests.csproj", "{3F68B93E-3F18-47E6-9DCA-997AEAB8FFD8}"
EndProject
Project("{FAE04EC0-301F-11D3-BF4B-00C04F79EFBC}") = "ApiTester.DemoWorkshop", "ApiTester.DemoWorkshop\ApiTester.DemoWorkshop.csproj", "{DF1025BF-FEA5-4830-8A04-B12D82186F59}"
EndProject
Project("{FAE04EC0-301F-11D3-BF4B-00C04F79EFBC}") = "ApiTester.Ui.E2E", "ApiTester.Ui.E2E\ApiTester.Ui.E2E.csproj", "{599C7D47-B549-4CD1-8744-2F540FDE3818}"
EndProject
Project("{FAE04EC0-301F-11D3-BF4B-00C04F79EFBC}") = "ApiTester.Cli", "ApiTester.Cli\ApiTester.Cli.csproj", "{6A9B216C-B4A2-44CA-BE48-82698EDE9737}"
EndProject
Project("{FAE04EC0-301F-11D3-BF4B-00C04F79EFBC}") = "ApiTester.Cli.Tests", "ApiTester.Cli.Tests\ApiTester.Cli.Tests.csproj", "{4C3EB8D6-2C1F-428B-B055-6F71BA0E51C7}"
EndProject
Global
	GlobalSection(SolutionConfigurationPlatforms) = preSolution
		Debug|Any CPU = Debug|Any CPU
		Debug|x64 = Debug|x64
		Debug|x86 = Debug|x86
		Release|Any CPU = Release|Any CPU
		Release|x64 = Release|x64
		Release|x86 = Release|x86
	EndGlobalSection
	GlobalSection(ProjectConfigurationPlatforms) = postSolution
		{56B1F160-5418-4B85-821B-1DA9C5209370}.Debug|Any CPU.ActiveCfg = Debug|Any CPU
		{56B1F160-5418-4B85-821B-1DA9C5209370}.Debug|Any CPU.Build.0 = Debug|Any CPU
		{56B1F160-5418-4B85-821B-1DA9C5209370}.Debug|x64.ActiveCfg = Debug|Any CPU
		{56B1F160-5418-4B85-821B-1DA9C5209370}.Debug|x64.Build.0 = Debug|Any CPU
		{56B1F160-5418-4B85-821B-1DA9C5209370}.Debug|x86.ActiveCfg = Debug|Any CPU
		{56B1F160-5418-4B85-821B-1DA9C5209370}.Debug|x86.Build.0 = Debug|Any CPU
		{56B1F160-5418-4B85-821B-1DA9C5209370}.Release|Any CPU.ActiveCfg = Release|Any CPU
		{56B1F160-5418-4B85-821B-1DA9C5209370}.Release|Any CPU.Build.0 = Release|Any CPU
		{56B1F160-5418-4B85-821B-1DA9C5209370}.Release|x64.ActiveCfg = Release|Any CPU
		{56B1F160-5418-4B85-821B-1DA9C5209370}.Release|x64.Build.0 = Release|Any CPU
		{56B1F160-5418-4B85-821B-1DA9C5209370}.Release|x86.ActiveCfg = Release|Any CPU
		{56B1F160-5418-4B85-821B-1DA9C5209370}.Release|x86.Build.0 = Release|Any CPU
		{4DF70AA8-C0C9-4718-A973-C423BEF8E2BF}.Debug|Any CPU.ActiveCfg = Debug|Any CPU
		{4DF70AA8-C0C9-4718-A973-C423BEF8E2BF}.Debug|Any CPU.Build.0 = Debug|Any CPU
		{4DF70AA8-C0C9-4718-A973-C423BEF8E2BF}.Debug|x64.ActiveCfg = Debug|Any CPU
		{4DF70AA8-C0C9-4718-A973-C423BEF8E2BF}.Debug|x64.Build.0 = Debug|Any CPU
		{4DF70AA8-C0C9-4718-A973-C423BEF8E2BF}.Debug|x86.ActiveCfg = Debug|Any CPU
		{4DF70AA8-C0C9-4718-A973-C423BEF8E2BF}.Debug|x86.Build.0 = Debug|Any CPU
		{4DF70AA8-C0C9-4718-A973-C423BEF8E2BF}.Release|Any CPU.ActiveCfg = Release|Any CPU
		{4DF70AA8-C0C9-4718-A973-C423BEF8E2BF}.Release|Any CPU.Build.0 = Release|Any CPU
		{4DF70AA8-C0C9-4718-A973-C423BEF8E2BF}.Release|x64.ActiveCfg = Release|Any CPU
		{4DF70AA8-C0C9-4718-A973-C423BEF8E2BF}.Release|x64.Build.0 = Release|Any CPU
		{4DF70AA8-C0C9-4718-A973-C423BEF8E2BF}.Release|x86.ActiveCfg = Release|Any CPU
		{4DF70AA8-C0C9-4718-A973-C423BEF8E2BF}.Release|x86.Build.0 = Release|Any CPU
		{D9D844FE-C4A5-4B27-AF9C-7DDF3A1F13ED}.Debug|Any CPU.ActiveCfg = Debug|Any CPU
		{D9D844FE-C4A5-4B27-AF9C-7DDF3A1F13ED}.Debug|Any CPU.Build.0 = Debug|Any CPU
		{D9D844FE-C4A5-4B27-AF9C-7DDF3A1F13ED}.Debug|x64.ActiveCfg = Debug|Any CPU
		{D9D844FE-C4A5-4B27-AF9C-7DDF3A1F13ED}.Debug|x64.Build.0 = Debug|Any CPU
		{D9D844FE-C4A5-4B27-AF9C-7DDF3A1F13ED}.Debug|x86.ActiveCfg = Debug|Any CPU
		{D9D844FE-C4A5-4B27-AF9C-7DDF3A1F13ED}.Debug|x86.Build.0 = Debug|Any CPU
		{D9D844FE-C4A5-4B27-AF9C-7DDF3A1F13ED}.Release|Any CPU.ActiveCfg = Release|Any CPU
		{D9D844FE-C4A5-4B27-AF9C-7DDF3A1F13ED}.Release|Any CPU.Build.0 = Release|Any CPU
		{D9D844FE-C4A5-4B27-AF9C-7DDF3A1F13ED}.Release|x64.ActiveCfg = Release|Any CPU
		{D9D844FE-C4A5-4B27-AF9C-7DDF3A1F13ED}.Release|x64.Build.0 = Release|Any CPU
		{D9D844FE-C4A5-4B27-AF9C-7DDF3A1F13ED}.Release|x86.ActiveCfg = Release|Any CPU
		{D9D844FE-C4A5-4B27-AF9C-7DDF3A1F13ED}.Release|x86.Build.0 = Release|Any CPU
		{92EAD82E-BE62-4EB8-BA24-7A3FD8FB8CC8}.Debug|Any CPU.ActiveCfg = Debug|Any CPU
		{92EAD82E-BE62-4EB8-BA24-7A3FD8FB8CC8}.Debug|Any CPU.Build.0 = Debug|Any CPU
		{92EAD82E-BE62-4EB8-BA24-7A3FD8FB8CC8}.Debug|x64.ActiveCfg = Debug|Any CPU
		{92EAD82E-BE62-4EB8-BA24-7A3FD8FB8CC8}.Debug|x64.Build.0 = Debug|Any CPU
		{92EAD82E-BE62-4EB8-BA24-7A3FD8FB8CC8}.Debug|x86.ActiveCfg = Debug|Any CPU
		{92EAD82E-BE62-4EB8-BA24-7A3FD8FB8CC8}.Debug|x86.Build.0 = Debug|Any CPU
		{92EAD82E-BE62-4EB8-BA24-7A3FD8FB8CC8}.Release|Any CPU.ActiveCfg = Release|Any CPU
		{92EAD82E-BE62-4EB8-BA24-7A3FD8FB8CC8}.Release|Any CPU.Build.0 = Release|Any CPU
		{92EAD82E-BE62-4EB8-BA24-7A3FD8FB8CC8}.Release|x64.ActiveCfg = Release|Any CPU
		{92EAD82E-BE62-4EB8-BA24-7A3FD8FB8CC8}.Release|x64.Build.0 = Release|Any CPU
		{92EAD82E-BE62-4EB8-BA24-7A3FD8FB8CC8}.Release|x86.ActiveCfg = Release|Any CPU
		{92EAD82E-BE62-4EB8-BA24-7A3FD8FB8CC8}.Release|x86.Build.0 = Release|Any CPU
		{DDFB7F38-B2DE-4D8E-A920-6A7D3D5C5431}.Debug|Any CPU.ActiveCfg = Debug|Any CPU
		{DDFB7F38-B2DE-4D8E-A920-6A7D3D5C5431}.Debug|Any CPU.Build.0 = Debug|Any CPU
		{DDFB7F38-B2DE-4D8E-A920-6A7D3D5C5431}.Debug|x64.ActiveCfg = Debug|Any CPU
		{DDFB7F38-B2DE-4D8E-A920-6A7D3D5C5431}.Debug|x64.Build.0 = Debug|Any CPU
		{DDFB7F38-B2DE-4D8E-A920-6A7D3D5C5431}.Debug|x86.ActiveCfg = Debug|Any CPU
		{DDFB7F38-B2DE-4D8E-A920-6A7D3D5C5431}.Debug|x86.Build.0 = Debug|Any CPU
		{DDFB7F38-B2DE-4D8E-A920-6A7D3D5C5431}.Release|Any CPU.ActiveCfg = Release|Any CPU
		{DDFB7F38-B2DE-4D8E-A920-6A7D3D5C5431}.Release|Any CPU.Build.0 = Release|Any CPU
		{DDFB7F38-B2DE-4D8E-A920-6A7D3D5C5431}.Release|x64.ActiveCfg = Release|Any CPU
		{DDFB7F38-B2DE-4D8E-A920-6A7D3D5C5431}.Release|x64.Build.0 = Release|Any CPU
		{DDFB7F38-B2DE-4D8E-A920-6A7D3D5C5431}.Release|x86.ActiveCfg = Release|Any CPU
		{DDFB7F38-B2DE-4D8E-A920-6A7D3D5C5431}.Release|x86.Build.0 = Release|Any CPU
		{BFF131F9-DE3C-44C7-8903-18E651A9FEB8}.Debug|Any CPU.ActiveCfg = Debug|Any CPU
		{BFF131F9-DE3C-44C7-8903-18E651A9FEB8}.Debug|Any CPU.Build.0 = Debug|Any CPU
		{BFF131F9-DE3C-44C7-8903-18E651A9FEB8}.Debug|x64.ActiveCfg = Debug|Any CPU
		{BFF131F9-DE3C-44C7-8903-18E651A9FEB8}.Debug|x64.Build.0 = Debug|Any CPU
		{BFF131F9-DE3C-44C7-8903-18E651A9FEB8}.Debug|x86.ActiveCfg = Debug|Any CPU
		{BFF131F9-DE3C-44C7-8903-18E651A9FEB8}.Debug|x86.Build.0 = Debug|Any CPU
		{BFF131F9-DE3C-44C7-8903-18E651A9FEB8}.Release|Any CPU.ActiveCfg = Release|Any CPU
		{BFF131F9-DE3C-44C7-8903-18E651A9FEB8}.Release|Any CPU.Build.0 = Release|Any CPU
		{BFF131F9-DE3C-44C7-8903-18E651A9FEB8}.Release|x64.ActiveCfg = Release|Any CPU
		{BFF131F9-DE3C-44C7-8903-18E651A9FEB8}.Release|x64.Build.0 = Release|Any CPU
		{BFF131F9-DE3C-44C7-8903-18E651A9FEB8}.Release|x86.ActiveCfg = Release|Any CPU
		{BFF131F9-DE3C-44C7-8903-18E651A9FEB8}.Release|x86.Build.0 = Release|Any CPU
		{93885EE6-E280-41F4-91D3-F1CAD370E927}.Debug|Any CPU.ActiveCfg = Debug|Any CPU
		{93885EE6-E280-41F4-91D3-F1CAD370E927}.Debug|Any CPU.Build.0 = Debug|Any CPU
		{93885EE6-E280-41F4-91D3-F1CAD370E927}.Debug|x64.ActiveCfg = Debug|Any CPU
		{93885EE6-E280-41F4-91D3-F1CAD370E927}.Debug|x64.Build.0 = Debug|Any CPU
		{93885EE6-E280-41F4-91D3-F1CAD370E927}.Debug|x86.ActiveCfg = Debug|Any CPU
		{93885EE6-E280-41F4-91D3-F1CAD370E927}.Debug|x86.Build.0 = Debug|Any CPU
		{93885EE6-E280-41F4-91D3-F1CAD370E927}.Release|Any CPU.ActiveCfg = Release|Any CPU
		{93885EE6-E280-41F4-91D3-F1CAD370E927}.Release|Any CPU.Build.0 = Release|Any CPU
		{93885EE6-E280-41F4-91D3-F1CAD370E927}.Release|x64.ActiveCfg = Release|Any CPU
		{93885EE6-E280-41F4-91D3-F1CAD370E927}.Release|x64.Build.0 = Release|Any CPU
		{93885EE6-E280-41F4-91D3-F1CAD370E927}.Release|x86.ActiveCfg = Release|Any CPU
		{93885EE6-E280-41F4-91D3-F1CAD370E927}.Release|x86.Build.0 = Release|Any CPU
		{AF3D86DD-2F1C-4648-90C1-0CDBF256BF0D}.Debug|Any CPU.ActiveCfg = Debug|Any CPU
		{AF3D86DD-2F1C-4648-90C1-0CDBF256BF0D}.Debug|Any CPU.Build.0 = Debug|Any CPU
		{AF3D86DD-2F1C-4648-90C1-0CDBF256BF0D}.Debug|x64.ActiveCfg = Debug|Any CPU
		{AF3D86DD-2F1C-4648-90C1-0CDBF256BF0D}.Debug|x64.Build.0 = Debug|Any CPU
		{AF3D86DD-2F1C-4648-90C1-0CDBF256BF0D}.Debug|x86.ActiveCfg = Debug|Any CPU
		{AF3D86DD-2F1C-4648-90C1-0CDBF256BF0D}.Debug|x86.Build.0 = Debug|Any CPU
		{AF3D86DD-2F1C-4648-90C1-0CDBF256BF0D}.Release|Any CPU.ActiveCfg = Release|Any CPU
		{AF3D86DD-2F1C-4648-90C1-0CDBF256BF0D}.Release|Any CPU.Build.0 = Release|Any CPU
		{AF3D86DD-2F1C-4648-90C1-0CDBF256BF0D}.Release|x64.ActiveCfg = Release|Any CPU
		{AF3D86DD-2F1C-4648-90C1-0CDBF256BF0D}.Release|x64.Build.0 = Release|Any CPU
		{AF3D86DD-2F1C-4648-90C1-0CDBF256BF0D}.Release|x86.ActiveCfg = Release|Any CPU
		{AF3D86DD-2F1C-4648-90C1-0CDBF256BF0D}.Release|x86.Build.0 = Release|Any CPU
		{DD114790-0B8A-4DF5-9994-BB9AE84A71C5}.Debug|Any CPU.ActiveCfg = Debug|Any CPU
		{DD114790-0B8A-4DF5-9994-BB9AE84A71C5}.Debug|Any CPU.Build.0 = Debug|Any CPU
		{DD114790-0B8A-4DF5-9994-BB9AE84A71C5}.Debug|x64.ActiveCfg = Debug|Any CPU
		{DD114790-0B8A-4DF5-9994-BB9AE84A71C5}.Debug|x64.Build.0 = Debug|Any CPU
		{DD114790-0B8A-4DF5-9994-BB9AE84A71C5}.Debug|x86.ActiveCfg = Debug|Any CPU
		{DD114790-0B8A-4DF5-9994-BB9AE84A71C5}.Debug|x86.Build.0 = Debug|Any CPU
		{DD114790-0B8A-4DF5-9994-BB9AE84A71C5}.Release|Any CPU.ActiveCfg = Release|Any CPU
		{DD114790-0B8A-4DF5-9994-BB9AE84A71C5}.Release|Any CPU.Build.0 = Release|Any CPU
		{DD114790-0B8A-4DF5-9994-BB9AE84A71C5}.Release|x64.ActiveCfg = Release|Any CPU
		{DD114790-0B8A-4DF5-9994-BB9AE84A71C5}.Release|x64.Build.0 = Release|Any CPU
		{DD114790-0B8A-4DF5-9994-BB9AE84A71C5}.Release|x86.ActiveCfg = Release|Any CPU
		{DD114790-0B8A-4DF5-9994-BB9AE84A71C5}.Release|x86.Build.0 = Release|Any CPU
		{B5C986F3-14DE-426F-9A28-ED786F2F3B62}.Debug|Any CPU.ActiveCfg = Debug|Any CPU
		{B5C986F3-14DE-426F-9A28-ED786F2F3B62}.Debug|Any CPU.Build.0 = Debug|Any CPU
		{B5C986F3-14DE-426F-9A28-ED786F2F3B62}.Debug|x64.ActiveCfg = Debug|Any CPU
		{B5C986F3-14DE-426F-9A28-ED786F2F3B62}.Debug|x64.Build.0 = Debug|Any CPU
		{B5C986F3-14DE-426F-9A28-ED786F2F3B62}.Debug|x86.ActiveCfg = Debug|Any CPU
		{B5C986F3-14DE-426F-9A28-ED786F2F3B62}.Debug|x86.Build.0 = Debug|Any CPU
		{B5C986F3-14DE-426F-9A28-ED786F2F3B62}.Release|Any CPU.ActiveCfg = Release|Any CPU
		{B5C986F3-14DE-426F-9A28-ED786F2F3B62}.Release|Any CPU.Build.0 = Release|Any CPU
		{B5C986F3-14DE-426F-9A28-ED786F2F3B62}.Release|x64.ActiveCfg = Release|Any CPU
		{B5C986F3-14DE-426F-9A28-ED786F2F3B62}.Release|x64.Build.0 = Release|Any CPU
		{B5C986F3-14DE-426F-9A28-ED786F2F3B62}.Release|x86.ActiveCfg = Release|Any CPU
		{B5C986F3-14DE-426F-9A28-ED786F2F3B62}.Release|x86.Build.0 = Release|Any CPU
		{FA5DE649-0358-432A-94D9-E336ACFC8AEF}.Debug|Any CPU.ActiveCfg = Debug|Any CPU
		{FA5DE649-0358-432A-94D9-E336ACFC8AEF}.Debug|Any CPU.Build.0 = Debug|Any CPU
		{FA5DE649-0358-432A-94D9-E336ACFC8AEF}.Debug|x64.ActiveCfg = Debug|Any CPU
		{FA5DE649-0358-432A-94D9-E336ACFC8AEF}.Debug|x64.Build.0 = Debug|Any CPU
		{FA5DE649-0358-432A-94D9-E336ACFC8AEF}.Debug|x86.ActiveCfg = Debug|Any CPU
		{FA5DE649-0358-432A-94D9-E336ACFC8AEF}.Debug|x86.Build.0 = Debug|Any CPU
		{FA5DE649-0358-432A-94D9-E336ACFC8AEF}.Release|Any CPU.ActiveCfg = Release|Any CPU
		{FA5DE649-0358-432A-94D9-E336ACFC8AEF}.Release|Any CPU.Build.0 = Release|Any CPU
		{FA5DE649-0358-432A-94D9-E336ACFC8AEF}.Release|x64.ActiveCfg = Release|Any CPU
		{FA5DE649-0358-432A-94D9-E336ACFC8AEF}.Release|x64.Build.0 = Release|Any CPU
		{FA5DE649-0358-432A-94D9-E336ACFC8AEF}.Release|x86.ActiveCfg = Release|Any CPU
		{FA5DE649-0358-432A-94D9-E336ACFC8AEF}.Release|x86.Build.0 = Release|Any CPU
		{D673511B-C07B-4D62-98B3-3FCF65D25D52}.Debug|Any CPU.ActiveCfg = Debug|Any CPU
		{D673511B-C07B-4D62-98B3-3FCF65D25D52}.Debug|Any CPU.Build.0 = Debug|Any CPU
		{D673511B-C07B-4D62-98B3-3FCF65D25D52}.Debug|x64.ActiveCfg = Debug|Any CPU
		{D673511B-C07B-4D62-98B3-3FCF65D25D52}.Debug|x64.Build.0 = Debug|Any CPU
		{D673511B-C07B-4D62-98B3-3FCF65D25D52}.Debug|x86.ActiveCfg = Debug|Any CPU
		{D673511B-C07B-4D62-98B3-3FCF65D25D52}.Debug|x86.Build.0 = Debug|Any CPU
		{D673511B-C07B-4D62-98B3-3FCF65D25D52}.Release|Any CPU.ActiveCfg = Release|Any CPU
		{D673511B-C07B-4D62-98B3-3FCF65D25D52}.Release|Any CPU.Build.0 = Release|Any CPU
		{D673511B-C07B-4D62-98B3-3FCF65D25D52}.Release|x64.ActiveCfg = Release|Any CPU
		{D673511B-C07B-4D62-98B3-3FCF65D25D52}.Release|x64.Build.0 = Release|Any CPU
		{D673511B-C07B-4D62-98B3-3FCF65D25D52}.Release|x86.ActiveCfg = Release|Any CPU
		{D673511B-C07B-4D62-98B3-3FCF65D25D52}.Release|x86.Build.0 = Release|Any CPU
		{3F68B93E-3F18-47E6-9DCA-997AEAB8FFD8}.Debug|Any CPU.ActiveCfg = Debug|Any CPU
		{3F68B93E-3F18-47E6-9DCA-997AEAB8FFD8}.Debug|Any CPU.Build.0 = Debug|Any CPU
		{3F68B93E-3F18-47E6-9DCA-997AEAB8FFD8}.Debug|x64.ActiveCfg = Debug|Any CPU
		{3F68B93E-3F18-47E6-9DCA-997AEAB8FFD8}.Debug|x64.Build.0 = Debug|Any CPU
		{3F68B93E-3F18-47E6-9DCA-997AEAB8FFD8}.Debug|x86.ActiveCfg = Debug|Any CPU
		{3F68B93E-3F18-47E6-9DCA-997AEAB8FFD8}.Debug|x86.Build.0 = Debug|Any CPU
		{3F68B93E-3F18-47E6-9DCA-997AEAB8FFD8}.Release|Any CPU.ActiveCfg = Release|Any CPU
		{3F68B93E-3F18-47E6-9DCA-997AEAB8FFD8}.Release|Any CPU.Build.0 = Release|Any CPU
		{3F68B93E-3F18-47E6-9DCA-997AEAB8FFD8}.Release|x64.ActiveCfg = Release|Any CPU
		{3F68B93E-3F18-47E6-9DCA-997AEAB8FFD8}.Release|x64.Build.0 = Release|Any CPU
		{3F68B93E-3F18-47E6-9DCA-997AEAB8FFD8}.Release|x86.ActiveCfg = Release|Any CPU
		{3F68B93E-3F18-47E6-9DCA-997AEAB8FFD8}.Release|x86.Build.0 = Release|Any CPU
		{DF1025BF-FEA5-4830-8A04-B12D82186F59}.Debug|Any CPU.ActiveCfg = Debug|Any CPU
		{DF1025BF-FEA5-4830-8A04-B12D82186F59}.Debug|Any CPU.Build.0 = Debug|Any CPU
		{DF1025BF-FEA5-4830-8A04-B12D82186F59}.Debug|x64.ActiveCfg = Debug|Any CPU
		{DF1025BF-FEA5-4830-8A04-B12D82186F59}.Debug|x64.Build.0 = Debug|Any CPU
		{DF1025BF-FEA5-4830-8A04-B12D82186F59}.Debug|x86.ActiveCfg = Debug|Any CPU
		{DF1025BF-FEA5-4830-8A04-B12D82186F59}.Debug|x86.Build.0 = Debug|Any CPU
		{DF1025BF-FEA5-4830-8A04-B12D82186F59}.Release|Any CPU.ActiveCfg = Release|Any CPU
		{DF1025BF-FEA5-4830-8A04-B12D82186F59}.Release|Any CPU.Build.0 = Release|Any CPU
		{DF1025BF-FEA5-4830-8A04-B12D82186F59}.Release|x64.ActiveCfg = Release|Any CPU
		{DF1025BF-FEA5-4830-8A04-B12D82186F59}.Release|x64.Build.0 = Release|Any CPU
		{DF1025BF-FEA5-4830-8A04-B12D82186F59}.Release|x86.ActiveCfg = Release|Any CPU
		{DF1025BF-FEA5-4830-8A04-B12D82186F59}.Release|x86.Build.0 = Release|Any CPU
		{599C7D47-B549-4CD1-8744-2F540FDE3818}.Debug|Any CPU.ActiveCfg = Debug|Any CPU
		{599C7D47-B549-4CD1-8744-2F540FDE3818}.Debug|Any CPU.Build.0 = Debug|Any CPU
		{599C7D47-B549-4CD1-8744-2F540FDE3818}.Debug|x64.ActiveCfg = Debug|Any CPU
		{599C7D47-B549-4CD1-8744-2F540FDE3818}.Debug|x64.Build.0 = Debug|Any CPU
		{599C7D47-B549-4CD1-8744-2F540FDE3818}.Debug|x86.ActiveCfg = Debug|Any CPU
		{599C7D47-B549-4CD1-8744-2F540FDE3818}.Debug|x86.Build.0 = Debug|Any CPU
		{599C7D47-B549-4CD1-8744-2F540FDE3818}.Release|Any CPU.ActiveCfg = Release|Any CPU
		{599C7D47-B549-4CD1-8744-2F540FDE3818}.Release|Any CPU.Build.0 = Release|Any CPU
		{599C7D47-B549-4CD1-8744-2F540FDE3818}.Release|x64.ActiveCfg = Release|Any CPU
		{599C7D47-B549-4CD1-8744-2F540FDE3818}.Release|x64.Build.0 = Release|Any CPU
		{599C7D47-B549-4CD1-8744-2F540FDE3818}.Release|x86.ActiveCfg = Release|Any CPU
		{599C7D47-B549-4CD1-8744-2F540FDE3818}.Release|x86.Build.0 = Release|Any CPU
		{6A9B216C-B4A2-44CA-BE48-82698EDE9737}.Debug|Any CPU.ActiveCfg = Debug|Any CPU
		{6A9B216C-B4A2-44CA-BE48-82698EDE9737}.Debug|Any CPU.Build.0 = Debug|Any CPU
		{6A9B216C-B4A2-44CA-BE48-82698EDE9737}.Debug|x64.ActiveCfg = Debug|Any CPU
		{6A9B216C-B4A2-44CA-BE48-82698EDE9737}.Debug|x64.Build.0 = Debug|Any CPU
		{6A9B216C-B4A2-44CA-BE48-82698EDE9737}.Debug|x86.ActiveCfg = Debug|Any CPU
		{6A9B216C-B4A2-44CA-BE48-82698EDE9737}.Debug|x86.Build.0 = Debug|Any CPU
		{6A9B216C-B4A2-44CA-BE48-82698EDE9737}.Release|Any CPU.ActiveCfg = Release|Any CPU
		{6A9B216C-B4A2-44CA-BE48-82698EDE9737}.Release|Any CPU.Build.0 = Release|Any CPU
		{6A9B216C-B4A2-44CA-BE48-82698EDE9737}.Release|x64.ActiveCfg = Release|Any CPU
		{6A9B216C-B4A2-44CA-BE48-82698EDE9737}.Release|x64.Build.0 = Release|Any CPU
		{6A9B216C-B4A2-44CA-BE48-82698EDE9737}.Release|x86.ActiveCfg = Release|Any CPU
		{6A9B216C-B4A2-44CA-BE48-82698EDE9737}.Release|x86.Build.0 = Release|Any CPU
		{4C3EB8D6-2C1F-428B-B055-6F71BA0E51C7}.Debug|Any CPU.ActiveCfg = Debug|Any CPU
		{4C3EB8D6-2C1F-428B-B055-6F71BA0E51C7}.Debug|Any CPU.Build.0 = Debug|Any CPU
		{4C3EB8D6-2C1F-428B-B055-6F71BA0E51C7}.Debug|x64.ActiveCfg = Debug|Any CPU
		{4C3EB8D6-2C1F-428B-B055-6F71BA0E51C7}.Debug|x64.Build.0 = Debug|Any CPU
		{4C3EB8D6-2C1F-428B-B055-6F71BA0E51C7}.Debug|x86.ActiveCfg = Debug|Any CPU
		{4C3EB8D6-2C1F-428B-B055-6F71BA0E51C7}.Debug|x86.Build.0 = Debug|Any CPU
		{4C3EB8D6-2C1F-428B-B055-6F71BA0E51C7}.Release|Any CPU.ActiveCfg = Release|Any CPU
		{4C3EB8D6-2C1F-428B-B055-6F71BA0E51C7}.Release|Any CPU.Build.0 = Release|Any CPU
		{4C3EB8D6-2C1F-428B-B055-6F71BA0E51C7}.Release|x64.ActiveCfg = Release|Any CPU
		{4C3EB8D6-2C1F-428B-B055-6F71BA0E51C7}.Release|x64.Build.0 = Release|Any CPU
		{4C3EB8D6-2C1F-428B-B055-6F71BA0E51C7}.Release|x86.ActiveCfg = Release|Any CPU
		{4C3EB8D6-2C1F-428B-B055-6F71BA0E51C7}.Release|x86.Build.0 = Release|Any CPU
	EndGlobalSection
	GlobalSection(SolutionProperties) = preSolution
		HideSolutionNode = FALSE
	EndGlobalSection
	GlobalSection(ExtensibilityGlobals) = postSolution
		SolutionGuid = {7315345A-4B4C-48BC-9F09-18E2EE3F3D9C}
	EndGlobalSection
EndGlobal
