
Microsoft Visual Studio Solution File, Format Version 12.00
# Visual Studio Version 17
VisualStudioVersion = 17.14.36705.20
MinimumVisualStudioVersion = 10.0.40219.1
Project("{FAE04EC0-301F-11D3-BF4B-00C04F79EFBC}") = "ApiTester.McpServer", "ApiTester.McpServer\ApiTester.McpServer.csproj", "{56B1F160-5418-4B85-821B-1DA9C5209370}"
EndProject
Project("{2150E333-8FDC-42A3-9474-1A3956D46DE8}") = "Solution Items", "Solution Items", "{8EC462FD-D22E-90A8-E5CE-7E832BA40C5D}"
	ProjectSection(SolutionItems) = preProject
		.gitignore = .gitignore
	EndProjectSection
EndProject
Project("{FAE04EC0-301F-11D3-BF4B-00C04F79EFBC}") = "ApiTester.McpClient", "ApiTester.McpClient\ApiTester.McpClient.csproj", "{D9D844FE-C4A5-4B27-AF9C-7DDF3A1F13ED}"
EndProject
Project("{FAE04EC0-301F-11D3-BF4B-00C04F79EFBC}") = "ApiTester.SmokeApi", "ApiTester.SmokeApi\ApiTester.SmokeApi.csproj", "{92EAD82E-BE62-4EB8-BA24-7A3FD8FB8CC8}"
EndProject
Project("{FAE04EC0-301F-11D3-BF4B-00C04F79EFBC}") = "ApiTester.Web", "ApiTester.Web\ApiTester.Web.csproj", "{DDFB7F38-B2DE-4D8E-A920-6A7D3D5C5431}"
EndProject
Project("{FAE04EC0-301F-11D3-BF4B-00C04F79EFBC}") = "ApiTester.Web.UnitTests", "ApiTester.Web.UnitTests\ApiTester.Web.UnitTests.csproj", "{BFF131F9-DE3C-44C7-8903-18E651A9FEB8}"
EndProject
Project("{FAE04EC0-301F-11D3-BF4B-00C04F79EFBC}") = "ApiTester.Web.IntegrationTests", "ApiTester.Web.IntegrationTests\ApiTester.Web.IntegrationTests.csproj", "{93885EE6-E280-41F4-91D3-F1CAD370E927}"
EndProject
Project("{FAE04EC0-301F-11D3-BF4B-00C04F79EFBC}") = "ApiTester.Ui", "ApiTester.Ui\ApiTester.Ui.csproj", "{AF3D86DD-2F1C-4648-90C1-0CDBF256BF0D}"
EndProject
Project("{FAE04EC0-301F-11D3-BF4B-00C04F79EFBC}") = "ApiTester.Ui.Tests", "ApiTester.Ui.Tests\ApiTester.Ui.Tests.csproj", "{DD114790-0B8A-4DF5-9994-BB9AE84A71C5}"
EndProject
Global
	GlobalSection(SolutionConfigurationPlatforms) = preSolution
		Debug|Any CPU = Debug|Any CPU
		Release|Any CPU = Release|Any CPU
	EndGlobalSection
	GlobalSection(ProjectConfigurationPlatforms) = postSolution
		{56B1F160-5418-4B85-821B-1DA9C5209370}.Debug|Any CPU.ActiveCfg = Debug|Any CPU
		{56B1F160-5418-4B85-821B-1DA9C5209370}.Debug|Any CPU.Build.0 = Debug|Any CPU
		{56B1F160-5418-4B85-821B-1DA9C5209370}.Release|Any CPU.ActiveCfg = Release|Any CPU
		{56B1F160-5418-4B85-821B-1DA9C5209370}.Release|Any CPU.Build.0 = Release|Any CPU
		{D9D844FE-C4A5-4B27-AF9C-7DDF3A1F13ED}.Debug|Any CPU.ActiveCfg = Debug|Any CPU
		{D9D844FE-C4A5-4B27-AF9C-7DDF3A1F13ED}.Debug|Any CPU.Build.0 = Debug|Any CPU
		{D9D844FE-C4A5-4B27-AF9C-7DDF3A1F13ED}.Release|Any CPU.ActiveCfg = Release|Any CPU
		{D9D844FE-C4A5-4B27-AF9C-7DDF3A1F13ED}.Release|Any CPU.Build.0 = Release|Any CPU
		{92EAD82E-BE62-4EB8-BA24-7A3FD8FB8CC8}.Debug|Any CPU.ActiveCfg = Debug|Any CPU
		{92EAD82E-BE62-4EB8-BA24-7A3FD8FB8CC8}.Debug|Any CPU.Build.0 = Debug|Any CPU
		{92EAD82E-BE62-4EB8-BA24-7A3FD8FB8CC8}.Release|Any CPU.ActiveCfg = Release|Any CPU
		{92EAD82E-BE62-4EB8-BA24-7A3FD8FB8CC8}.Release|Any CPU.Build.0 = Release|Any CPU
		{DDFB7F38-B2DE-4D8E-A920-6A7D3D5C5431}.Debug|Any CPU.ActiveCfg = Debug|Any CPU
		{DDFB7F38-B2DE-4D8E-A920-6A7D3D5C5431}.Debug|Any CPU.Build.0 = Debug|Any CPU
		{DDFB7F38-B2DE-4D8E-A920-6A7D3D5C5431}.Release|Any CPU.ActiveCfg = Release|Any CPU
		{DDFB7F38-B2DE-4D8E-A920-6A7D3D5C5431}.Release|Any CPU.Build.0 = Release|Any CPU
		{BFF131F9-DE3C-44C7-8903-18E651A9FEB8}.Debug|Any CPU.ActiveCfg = Debug|Any CPU
		{BFF131F9-DE3C-44C7-8903-18E651A9FEB8}.Debug|Any CPU.Build.0 = Debug|Any CPU
		{BFF131F9-DE3C-44C7-8903-18E651A9FEB8}.Release|Any CPU.ActiveCfg = Release|Any CPU
		{BFF131F9-DE3C-44C7-8903-18E651A9FEB8}.Release|Any CPU.Build.0 = Release|Any CPU
		{93885EE6-E280-41F4-91D3-F1CAD370E927}.Debug|Any CPU.ActiveCfg = Debug|Any CPU
		{93885EE6-E280-41F4-91D3-F1CAD370E927}.Debug|Any CPU.Build.0 = Debug|Any CPU
		{93885EE6-E280-41F4-91D3-F1CAD370E927}.Release|Any CPU.ActiveCfg = Release|Any CPU
		{93885EE6-E280-41F4-91D3-F1CAD370E927}.Release|Any CPU.Build.0 = Release|Any CPU
		{AF3D86DD-2F1C-4648-90C1-0CDBF256BF0D}.Debug|Any CPU.ActiveCfg = Debug|Any CPU
		{AF3D86DD-2F1C-4648-90C1-0CDBF256BF0D}.Debug|Any CPU.Build.0 = Debug|Any CPU
		{AF3D86DD-2F1C-4648-90C1-0CDBF256BF0D}.Release|Any CPU.ActiveCfg = Release|Any CPU
		{AF3D86DD-2F1C-4648-90C1-0CDBF256BF0D}.Release|Any CPU.Build.0 = Release|Any CPU
		{DD114790-0B8A-4DF5-9994-BB9AE84A71C5}.Debug|Any CPU.ActiveCfg = Debug|Any CPU
		{DD114790-0B8A-4DF5-9994-BB9AE84A71C5}.Debug|Any CPU.Build.0 = Debug|Any CPU
		{DD114790-0B8A-4DF5-9994-BB9AE84A71C5}.Release|Any CPU.ActiveCfg = Release|Any CPU
		{DD114790-0B8A-4DF5-9994-BB9AE84A71C5}.Release|Any CPU.Build.0 = Release|Any CPU
	EndGlobalSection
	GlobalSection(SolutionProperties) = preSolution
		HideSolutionNode = FALSE
	EndGlobalSection
	GlobalSection(ExtensibilityGlobals) = postSolution
		SolutionGuid = {7315345A-4B4C-48BC-9F09-18E2EE3F3D9C}
	EndGlobalSection
EndGlobal
